// !$*UTF8*$!
{
	archiveVersion = 1;
	classes = {
	};
	objectVersion = 56;
	objects = {

/* Begin PBXBuildFile section */
		C48061EA2C65122E003FF7EE /* AppDelegate.swift in Sources */ = {isa = PBXBuildFile; fileRef = C48061E92C65122E003FF7EE /* AppDelegate.swift */; };
		C48061EC2C65122E003FF7EE /* SceneDelegate.swift in Sources */ = {isa = PBXBuildFile; fileRef = C48061EB2C65122E003FF7EE /* SceneDelegate.swift */; };
		C48061F32C65122E003FF7EE /* Assets.xcassets in Resources */ = {isa = PBXBuildFile; fileRef = C48061F22C65122E003FF7EE /* Assets.xcassets */; };
		C48061F62C65122E003FF7EE /* Base in Resources */ = {isa = PBXBuildFile; fileRef = C48061F52C65122E003FF7EE /* Base */; };
		C48062002C6512C9003FF7EE /* .gitignore in Resources */ = {isa = PBXBuildFile; fileRef = C48061FF2C6512C9003FF7EE /* .gitignore */; };
		C48062032C6512F5003FF7EE /* API.swift in Sources */ = {isa = PBXBuildFile; fileRef = C48062022C6512F5003FF7EE /* API.swift */; };
		C48062082C65182C003FF7EE /* SearchViewController.swift in Sources */ = {isa = PBXBuildFile; fileRef = C48062072C65182C003FF7EE /* SearchViewController.swift */; };
		C480620B2C6518B7003FF7EE /* Resource.swift in Sources */ = {isa = PBXBuildFile; fileRef = C480620A2C6518B7003FF7EE /* Resource.swift */; };
		C480620D2C651A2D003FF7EE /* Constant.swift in Sources */ = {isa = PBXBuildFile; fileRef = C480620C2C651A2D003FF7EE /* Constant.swift */; };
		C48062102C651AC5003FF7EE /* RxCocoa in Frameworks */ = {isa = PBXBuildFile; productRef = C480620F2C651AC5003FF7EE /* RxCocoa */; };
		C48062122C651AC5003FF7EE /* RxSwift in Frameworks */ = {isa = PBXBuildFile; productRef = C48062112C651AC5003FF7EE /* RxSwift */; };
		C48062152C651AD0003FF7EE /* SnapKit in Frameworks */ = {isa = PBXBuildFile; productRef = C48062142C651AD0003FF7EE /* SnapKit */; };
		C48062192C651AFB003FF7EE /* BaseViewController.swift in Sources */ = {isa = PBXBuildFile; fileRef = C48062182C651AFB003FF7EE /* BaseViewController.swift */; };
/* End PBXBuildFile section */

/* Begin PBXFileReference section */
		C48061E62C65122E003FF7EE /* iTunes-search.app */ = {isa = PBXFileReference; explicitFileType = wrapper.application; includeInIndex = 0; path = "iTunes-search.app"; sourceTree = BUILT_PRODUCTS_DIR; };
		C48061E92C65122E003FF7EE /* AppDelegate.swift */ = {isa = PBXFileReference; lastKnownFileType = sourcecode.swift; path = AppDelegate.swift; sourceTree = "<group>"; };
		C48061EB2C65122E003FF7EE /* SceneDelegate.swift */ = {isa = PBXFileReference; lastKnownFileType = sourcecode.swift; path = SceneDelegate.swift; sourceTree = "<group>"; };
		C48061F22C65122E003FF7EE /* Assets.xcassets */ = {isa = PBXFileReference; lastKnownFileType = folder.assetcatalog; path = Assets.xcassets; sourceTree = "<group>"; };
		C48061F52C65122E003FF7EE /* Base */ = {isa = PBXFileReference; lastKnownFileType = file.storyboard; name = Base; path = Base.lproj/LaunchScreen.storyboard; sourceTree = "<group>"; };
		C48061F72C65122E003FF7EE /* Info.plist */ = {isa = PBXFileReference; lastKnownFileType = text.plist.xml; path = Info.plist; sourceTree = "<group>"; };
		C48061FF2C6512C9003FF7EE /* .gitignore */ = {isa = PBXFileReference; lastKnownFileType = text; path = .gitignore; sourceTree = "<group>"; };
		C48062022C6512F5003FF7EE /* API.swift */ = {isa = PBXFileReference; lastKnownFileType = sourcecode.swift; path = API.swift; sourceTree = "<group>"; };
		C48062072C65182C003FF7EE /* SearchViewController.swift */ = {isa = PBXFileReference; lastKnownFileType = sourcecode.swift; path = SearchViewController.swift; sourceTree = "<group>"; };
		C480620A2C6518B7003FF7EE /* Resource.swift */ = {isa = PBXFileReference; lastKnownFileType = sourcecode.swift; path = Resource.swift; sourceTree = "<group>"; };
		C480620C2C651A2D003FF7EE /* Constant.swift */ = {isa = PBXFileReference; lastKnownFileType = sourcecode.swift; path = Constant.swift; sourceTree = "<group>"; };
		C48062182C651AFB003FF7EE /* BaseViewController.swift */ = {isa = PBXFileReference; lastKnownFileType = sourcecode.swift; path = BaseViewController.swift; sourceTree = "<group>"; };
/* End PBXFileReference section */

/* Begin PBXFrameworksBuildPhase section */
		C48061E32C65122E003FF7EE /* Frameworks */ = {
			isa = PBXFrameworksBuildPhase;
			buildActionMask = 2147483647;
			files = (
				C48062152C651AD0003FF7EE /* SnapKit in Frameworks */,
				C48062122C651AC5003FF7EE /* RxSwift in Frameworks */,
				C48062102C651AC5003FF7EE /* RxCocoa in Frameworks */,
			);
			runOnlyForDeploymentPostprocessing = 0;
		};
/* End PBXFrameworksBuildPhase section */

/* Begin PBXGroup section */
		C48061DD2C65122E003FF7EE = {
			isa = PBXGroup;
			children = (
				C48061FF2C6512C9003FF7EE /* .gitignore */,
				C48061E82C65122E003FF7EE /* iTunes-search */,
				C48061E72C65122E003FF7EE /* Products */,
			);
			sourceTree = "<group>";
		};
		C48061E72C65122E003FF7EE /* Products */ = {
			isa = PBXGroup;
			children = (
				C48061E62C65122E003FF7EE /* iTunes-search.app */,
			);
			name = Products;
			sourceTree = "<group>";
		};
		C48061E82C65122E003FF7EE /* iTunes-search */ = {
			isa = PBXGroup;
			children = (
				C48062162C651AE5003FF7EE /* Component */,
				C48062092C6518B1003FF7EE /* Resource */,
				C48062012C6512E5003FF7EE /* Application */,
				C48062042C651723003FF7EE /* Presentation */,
				C48061F22C65122E003FF7EE /* Assets.xcassets */,
				C48061F42C65122E003FF7EE /* LaunchScreen.storyboard */,
				C48061F72C65122E003FF7EE /* Info.plist */,
				C48062022C6512F5003FF7EE /* API.swift */,
			);
			path = "iTunes-search";
			sourceTree = "<group>";
		};
		C48062012C6512E5003FF7EE /* Application */ = {
			isa = PBXGroup;
			children = (
				C48061E92C65122E003FF7EE /* AppDelegate.swift */,
				C48061EB2C65122E003FF7EE /* SceneDelegate.swift */,
			);
			path = Application;
			sourceTree = "<group>";
		};
		C48062042C651723003FF7EE /* Presentation */ = {
			isa = PBXGroup;
			children = (
				C48062052C651818003FF7EE /* Search */,
			);
			path = Presentation;
			sourceTree = "<group>";
		};
		C48062052C651818003FF7EE /* Search */ = {
			isa = PBXGroup;
			children = (
				C48062072C65182C003FF7EE /* SearchViewController.swift */,
			);
			path = Search;
			sourceTree = "<group>";
		};
		C48062092C6518B1003FF7EE /* Resource */ = {
			isa = PBXGroup;
			children = (
				C480620A2C6518B7003FF7EE /* Resource.swift */,
				C480620C2C651A2D003FF7EE /* Constant.swift */,
			);
			path = Resource;
			sourceTree = "<group>";
		};
		C48062162C651AE5003FF7EE /* Component */ = {
			isa = PBXGroup;
			children = (
				C48062172C651AF1003FF7EE /* Base */,
			);
			path = Component;
			sourceTree = "<group>";
		};
		C48062172C651AF1003FF7EE /* Base */ = {
			isa = PBXGroup;
			children = (
				C48062182C651AFB003FF7EE /* BaseViewController.swift */,
			);
			path = Base;
			sourceTree = "<group>";
		};
/* End PBXGroup section */

/* Begin PBXNativeTarget section */
		C48061E52C65122E003FF7EE /* iTunes-search */ = {
			isa = PBXNativeTarget;
			buildConfigurationList = C48061FA2C65122E003FF7EE /* Build configuration list for PBXNativeTarget "iTunes-search" */;
			buildPhases = (
				C48061E22C65122E003FF7EE /* Sources */,
				C48061E32C65122E003FF7EE /* Frameworks */,
				C48061E42C65122E003FF7EE /* Resources */,
			);
			buildRules = (
			);
			dependencies = (
			);
			name = "iTunes-search";
			packageProductDependencies = (
				C480620F2C651AC5003FF7EE /* RxCocoa */,
				C48062112C651AC5003FF7EE /* RxSwift */,
				C48062142C651AD0003FF7EE /* SnapKit */,
			);
			productName = "iTunes-search";
			productReference = C48061E62C65122E003FF7EE /* iTunes-search.app */;
			productType = "com.apple.product-type.application";
		};
/* End PBXNativeTarget section */

/* Begin PBXProject section */
		C48061DE2C65122E003FF7EE /* Project object */ = {
			isa = PBXProject;
			attributes = {
				BuildIndependentTargetsInParallel = 1;
				LastSwiftUpdateCheck = 1540;
				LastUpgradeCheck = 1540;
				TargetAttributes = {
					C48061E52C65122E003FF7EE = {
						CreatedOnToolsVersion = 15.4;
					};
				};
			};
			buildConfigurationList = C48061E12C65122E003FF7EE /* Build configuration list for PBXProject "iTunes-search" */;
			compatibilityVersion = "Xcode 14.0";
			developmentRegion = en;
			hasScannedForEncodings = 0;
			knownRegions = (
				en,
				Base,
			);
			mainGroup = C48061DD2C65122E003FF7EE;
			packageReferences = (
				C480620E2C651AC5003FF7EE /* XCRemoteSwiftPackageReference "RxSwift" */,
				C48062132C651AD0003FF7EE /* XCRemoteSwiftPackageReference "SnapKit" */,
			);
			productRefGroup = C48061E72C65122E003FF7EE /* Products */;
			projectDirPath = "";
			projectRoot = "";
			targets = (
				C48061E52C65122E003FF7EE /* iTunes-search */,
			);
		};
/* End PBXProject section */

/* Begin PBXResourcesBuildPhase section */
		C48061E42C65122E003FF7EE /* Resources */ = {
			isa = PBXResourcesBuildPhase;
			buildActionMask = 2147483647;
			files = (
				C48061F32C65122E003FF7EE /* Assets.xcassets in Resources */,
				C48062002C6512C9003FF7EE /* .gitignore in Resources */,
				C48061F62C65122E003FF7EE /* Base in Resources */,
			);
			runOnlyForDeploymentPostprocessing = 0;
		};
/* End PBXResourcesBuildPhase section */

/* Begin PBXSourcesBuildPhase section */
		C48061E22C65122E003FF7EE /* Sources */ = {
			isa = PBXSourcesBuildPhase;
			buildActionMask = 2147483647;
			files = (
				C48061EA2C65122E003FF7EE /* AppDelegate.swift in Sources */,
				C48062032C6512F5003FF7EE /* API.swift in Sources */,
				C48062082C65182C003FF7EE /* SearchViewController.swift in Sources */,
				C480620B2C6518B7003FF7EE /* Resource.swift in Sources */,
				C48061EC2C65122E003FF7EE /* SceneDelegate.swift in Sources */,
				C48062192C651AFB003FF7EE /* BaseViewController.swift in Sources */,
				C480620D2C651A2D003FF7EE /* Constant.swift in Sources */,
			);
			runOnlyForDeploymentPostprocessing = 0;
		};
/* End PBXSourcesBuildPhase section */

/* Begin PBXVariantGroup section */
		C48061F42C65122E003FF7EE /* LaunchScreen.storyboard */ = {
			isa = PBXVariantGroup;
			children = (
				C48061F52C65122E003FF7EE /* Base */,
			);
			name = LaunchScreen.storyboard;
			sourceTree = "<group>";
		};
/* End PBXVariantGroup section */

/* Begin XCBuildConfiguration section */
		C48061F82C65122E003FF7EE /* Debug */ = {
			isa = XCBuildConfiguration;
			buildSettings = {
				ALWAYS_SEARCH_USER_PATHS = NO;
				ASSETCATALOG_COMPILER_GENERATE_SWIFT_ASSET_SYMBOL_EXTENSIONS = YES;
				CLANG_ANALYZER_NONNULL = YES;
				CLANG_ANALYZER_NUMBER_OBJECT_CONVERSION = YES_AGGRESSIVE;
				CLANG_CXX_LANGUAGE_STANDARD = "gnu++20";
				CLANG_ENABLE_MODULES = YES;
				CLANG_ENABLE_OBJC_ARC = YES;
				CLANG_ENABLE_OBJC_WEAK = YES;
				CLANG_WARN_BLOCK_CAPTURE_AUTORELEASING = YES;
				CLANG_WARN_BOOL_CONVERSION = YES;
				CLANG_WARN_COMMA = YES;
				CLANG_WARN_CONSTANT_CONVERSION = YES;
				CLANG_WARN_DEPRECATED_OBJC_IMPLEMENTATIONS = YES;
				CLANG_WARN_DIRECT_OBJC_ISA_USAGE = YES_ERROR;
				CLANG_WARN_DOCUMENTATION_COMMENTS = YES;
				CLANG_WARN_EMPTY_BODY = YES;
				CLANG_WARN_ENUM_CONVERSION = YES;
				CLANG_WARN_INFINITE_RECURSION = YES;
				CLANG_WARN_INT_CONVERSION = YES;
				CLANG_WARN_NON_LITERAL_NULL_CONVERSION = YES;
				CLANG_WARN_OBJC_IMPLICIT_RETAIN_SELF = YES;
				CLANG_WARN_OBJC_LITERAL_CONVERSION = YES;
				CLANG_WARN_OBJC_ROOT_CLASS = YES_ERROR;
				CLANG_WARN_QUOTED_INCLUDE_IN_FRAMEWORK_HEADER = YES;
				CLANG_WARN_RANGE_LOOP_ANALYSIS = YES;
				CLANG_WARN_STRICT_PROTOTYPES = YES;
				CLANG_WARN_SUSPICIOUS_MOVE = YES;
				CLANG_WARN_UNGUARDED_AVAILABILITY = YES_AGGRESSIVE;
				CLANG_WARN_UNREACHABLE_CODE = YES;
				CLANG_WARN__DUPLICATE_METHOD_MATCH = YES;
				COPY_PHASE_STRIP = NO;
				DEBUG_INFORMATION_FORMAT = dwarf;
				ENABLE_STRICT_OBJC_MSGSEND = YES;
				ENABLE_TESTABILITY = YES;
				ENABLE_USER_SCRIPT_SANDBOXING = YES;
				GCC_C_LANGUAGE_STANDARD = gnu17;
				GCC_DYNAMIC_NO_PIC = NO;
				GCC_NO_COMMON_BLOCKS = YES;
				GCC_OPTIMIZATION_LEVEL = 0;
				GCC_PREPROCESSOR_DEFINITIONS = (
					"DEBUG=1",
					"$(inherited)",
				);
				GCC_WARN_64_TO_32_BIT_CONVERSION = YES;
				GCC_WARN_ABOUT_RETURN_TYPE = YES_ERROR;
				GCC_WARN_UNDECLARED_SELECTOR = YES;
				GCC_WARN_UNINITIALIZED_AUTOS = YES_AGGRESSIVE;
				GCC_WARN_UNUSED_FUNCTION = YES;
				GCC_WARN_UNUSED_VARIABLE = YES;
				IPHONEOS_DEPLOYMENT_TARGET = 17.5;
				LOCALIZATION_PREFERS_STRING_CATALOGS = YES;
				MTL_ENABLE_DEBUG_INFO = INCLUDE_SOURCE;
				MTL_FAST_MATH = YES;
				ONLY_ACTIVE_ARCH = YES;
				SDKROOT = iphoneos;
				SWIFT_ACTIVE_COMPILATION_CONDITIONS = "DEBUG $(inherited)";
				SWIFT_OPTIMIZATION_LEVEL = "-Onone";
			};
			name = Debug;
		};
		C48061F92C65122E003FF7EE /* Release */ = {
			isa = XCBuildConfiguration;
			buildSettings = {
				ALWAYS_SEARCH_USER_PATHS = NO;
				ASSETCATALOG_COMPILER_GENERATE_SWIFT_ASSET_SYMBOL_EXTENSIONS = YES;
				CLANG_ANALYZER_NONNULL = YES;
				CLANG_ANALYZER_NUMBER_OBJECT_CONVERSION = YES_AGGRESSIVE;
				CLANG_CXX_LANGUAGE_STANDARD = "gnu++20";
				CLANG_ENABLE_MODULES = YES;
				CLANG_ENABLE_OBJC_ARC = YES;
				CLANG_ENABLE_OBJC_WEAK = YES;
				CLANG_WARN_BLOCK_CAPTURE_AUTORELEASING = YES;
				CLANG_WARN_BOOL_CONVERSION = YES;
				CLANG_WARN_COMMA = YES;
				CLANG_WARN_CONSTANT_CONVERSION = YES;
				CLANG_WARN_DEPRECATED_OBJC_IMPLEMENTATIONS = YES;
				CLANG_WARN_DIRECT_OBJC_ISA_USAGE = YES_ERROR;
				CLANG_WARN_DOCUMENTATION_COMMENTS = YES;
				CLANG_WARN_EMPTY_BODY = YES;
				CLANG_WARN_ENUM_CONVERSION = YES;
				CLANG_WARN_INFINITE_RECURSION = YES;
				CLANG_WARN_INT_CONVERSION = YES;
				CLANG_WARN_NON_LITERAL_NULL_CONVERSION = YES;
				CLANG_WARN_OBJC_IMPLICIT_RETAIN_SELF = YES;
				CLANG_WARN_OBJC_LITERAL_CONVERSION = YES;
				CLANG_WARN_OBJC_ROOT_CLASS = YES_ERROR;
				CLANG_WARN_QUOTED_INCLUDE_IN_FRAMEWORK_HEADER = YES;
				CLANG_WARN_RANGE_LOOP_ANALYSIS = YES;
				CLANG_WARN_STRICT_PROTOTYPES = YES;
				CLANG_WARN_SUSPICIOUS_MOVE = YES;
				CLANG_WARN_UNGUARDED_AVAILABILITY = YES_AGGRESSIVE;
				CLANG_WARN_UNREACHABLE_CODE = YES;
				CLANG_WARN__DUPLICATE_METHOD_MATCH = YES;
				COPY_PHASE_STRIP = NO;
				DEBUG_INFORMATION_FORMAT = "dwarf-with-dsym";
				ENABLE_NS_ASSERTIONS = NO;
				ENABLE_STRICT_OBJC_MSGSEND = YES;
				ENABLE_USER_SCRIPT_SANDBOXING = YES;
				GCC_C_LANGUAGE_STANDARD = gnu17;
				GCC_NO_COMMON_BLOCKS = YES;
				GCC_WARN_64_TO_32_BIT_CONVERSION = YES;
				GCC_WARN_ABOUT_RETURN_TYPE = YES_ERROR;
				GCC_WARN_UNDECLARED_SELECTOR = YES;
				GCC_WARN_UNINITIALIZED_AUTOS = YES_AGGRESSIVE;
				GCC_WARN_UNUSED_FUNCTION = YES;
				GCC_WARN_UNUSED_VARIABLE = YES;
				IPHONEOS_DEPLOYMENT_TARGET = 17.5;
				LOCALIZATION_PREFERS_STRING_CATALOGS = YES;
				MTL_ENABLE_DEBUG_INFO = NO;
				MTL_FAST_MATH = YES;
				SDKROOT = iphoneos;
				SWIFT_COMPILATION_MODE = wholemodule;
				VALIDATE_PRODUCT = YES;
			};
			name = Release;
		};
		C48061FB2C65122E003FF7EE /* Debug */ = {
			isa = XCBuildConfiguration;
			buildSettings = {
				ASSETCATALOG_COMPILER_APPICON_NAME = AppIcon;
				ASSETCATALOG_COMPILER_GLOBAL_ACCENT_COLOR_NAME = AccentColor;
				CODE_SIGN_STYLE = Automatic;
				CURRENT_PROJECT_VERSION = 1;
				DEVELOPMENT_TEAM = 95Z2W8U6PK;
				GENERATE_INFOPLIST_FILE = YES;
				INFOPLIST_FILE = "iTunes-search/Info.plist";
				INFOPLIST_KEY_CFBundleDisplayName = "iTunes Search";
				INFOPLIST_KEY_UIApplicationSupportsIndirectInputEvents = YES;
				INFOPLIST_KEY_UILaunchStoryboardName = LaunchScreen;
				INFOPLIST_KEY_UISupportedInterfaceOrientations = UIInterfaceOrientationPortrait;
				INFOPLIST_KEY_UISupportedInterfaceOrientations_iPad = "UIInterfaceOrientationLandscapeLeft UIInterfaceOrientationLandscapeRight UIInterfaceOrientationPortrait UIInterfaceOrientationPortraitUpsideDown";
				IPHONEOS_DEPLOYMENT_TARGET = 16.0;
				LD_RUNPATH_SEARCH_PATHS = (
					"$(inherited)",
					"@executable_path/Frameworks",
				);
				MARKETING_VERSION = 1.0;
				PRODUCT_BUNDLE_IDENTIFIER = "com.junehee.iTunes-search";
				PRODUCT_NAME = "$(TARGET_NAME)";
				SUPPORTED_PLATFORMS = "iphoneos iphonesimulator";
				SUPPORTS_MACCATALYST = NO;
				SUPPORTS_MAC_DESIGNED_FOR_IPHONE_IPAD = NO;
				SUPPORTS_XR_DESIGNED_FOR_IPHONE_IPAD = NO;
				SWIFT_EMIT_LOC_STRINGS = YES;
				SWIFT_VERSION = 5.0;
				TARGETED_DEVICE_FAMILY = 1;
			};
			name = Debug;
		};
		C48061FC2C65122E003FF7EE /* Release */ = {
			isa = XCBuildConfiguration;
			buildSettings = {
				ASSETCATALOG_COMPILER_APPICON_NAME = AppIcon;
				ASSETCATALOG_COMPILER_GLOBAL_ACCENT_COLOR_NAME = AccentColor;
				CODE_SIGN_STYLE = Automatic;
				CURRENT_PROJECT_VERSION = 1;
				DEVELOPMENT_TEAM = 95Z2W8U6PK;
				GENERATE_INFOPLIST_FILE = YES;
				INFOPLIST_FILE = "iTunes-search/Info.plist";
				INFOPLIST_KEY_CFBundleDisplayName = "iTunes Search";
				INFOPLIST_KEY_UIApplicationSupportsIndirectInputEvents = YES;
				INFOPLIST_KEY_UILaunchStoryboardName = LaunchScreen;
				INFOPLIST_KEY_UISupportedInterfaceOrientations = UIInterfaceOrientationPortrait;
				INFOPLIST_KEY_UISupportedInterfaceOrientations_iPad = "UIInterfaceOrientationLandscapeLeft UIInterfaceOrientationLandscapeRight UIInterfaceOrientationPortrait UIInterfaceOrientationPortraitUpsideDown";
				IPHONEOS_DEPLOYMENT_TARGET = 16.0;
				LD_RUNPATH_SEARCH_PATHS = (
					"$(inherited)",
					"@executable_path/Frameworks",
				);
				MARKETING_VERSION = 1.0;
				PRODUCT_BUNDLE_IDENTIFIER = "com.junehee.iTunes-search";
				PRODUCT_NAME = "$(TARGET_NAME)";
				SUPPORTED_PLATFORMS = "iphoneos iphonesimulator";
				SUPPORTS_MACCATALYST = NO;
				SUPPORTS_MAC_DESIGNED_FOR_IPHONE_IPAD = NO;
				SUPPORTS_XR_DESIGNED_FOR_IPHONE_IPAD = NO;
				SWIFT_EMIT_LOC_STRINGS = YES;
				SWIFT_VERSION = 5.0;
				TARGETED_DEVICE_FAMILY = 1;
			};
			name = Release;
		};
/* End XCBuildConfiguration section */

/* Begin XCConfigurationList section */
		C48061E12C65122E003FF7EE /* Build configuration list for PBXProject "iTunes-search" */ = {
			isa = XCConfigurationList;
			buildConfigurations = (
				C48061F82C65122E003FF7EE /* Debug */,
				C48061F92C65122E003FF7EE /* Release */,
			);
			defaultConfigurationIsVisible = 0;
			defaultConfigurationName = Release;
		};
		C48061FA2C65122E003FF7EE /* Build configuration list for PBXNativeTarget "iTunes-search" */ = {
			isa = XCConfigurationList;
			buildConfigurations = (
				C48061FB2C65122E003FF7EE /* Debug */,
				C48061FC2C65122E003FF7EE /* Release */,
			);
			defaultConfigurationIsVisible = 0;
			defaultConfigurationName = Release;
		};
/* End XCConfigurationList section */

/* Begin XCRemoteSwiftPackageReference section */
		C480620E2C651AC5003FF7EE /* XCRemoteSwiftPackageReference "RxSwift" */ = {
			isa = XCRemoteSwiftPackageReference;
			repositoryURL = "https://github.com/ReactiveX/RxSwift";
			requirement = {
				kind = upToNextMajorVersion;
				minimumVersion = 6.7.1;
			};
		};
		C48062132C651AD0003FF7EE /* XCRemoteSwiftPackageReference "SnapKit" */ = {
			isa = XCRemoteSwiftPackageReference;
			repositoryURL = "https://github.com/SnapKit/SnapKit.git";
			requirement = {
				kind = upToNextMajorVersion;
				minimumVersion = 5.7.1;
			};
		};
/* End XCRemoteSwiftPackageReference section */

/* Begin XCSwiftPackageProductDependency section */
		C480620F2C651AC5003FF7EE /* RxCocoa */ = {
			isa = XCSwiftPackageProductDependency;
			package = C480620E2C651AC5003FF7EE /* XCRemoteSwiftPackageReference "RxSwift" */;
			productName = RxCocoa;
		};
		C48062112C651AC5003FF7EE /* RxSwift */ = {
			isa = XCSwiftPackageProductDependency;
			package = C480620E2C651AC5003FF7EE /* XCRemoteSwiftPackageReference "RxSwift" */;
			productName = RxSwift;
		};
		C48062142C651AD0003FF7EE /* SnapKit */ = {
			isa = XCSwiftPackageProductDependency;
			package = C48062132C651AD0003FF7EE /* XCRemoteSwiftPackageReference "SnapKit" */;
			productName = SnapKit;
		};
/* End XCSwiftPackageProductDependency section */
	};
	rootObject = C48061DE2C65122E003FF7EE /* Project object */;
}
